
Microsoft Visual Studio Solution File, Format Version 12.00
# Visual Studio Version 16
VisualStudioVersion = 16.0.28803.352
MinimumVisualStudioVersion = 10.0.40219.1
Project("{FAE04EC0-301F-11D3-BF4B-00C04F79EFBC}") = "GoogleSearchResultsWebDriverTestTask", "GoogleSearchResultsWebDriverTestTask.csproj", "{320C0A00-9927-404D-A914-119E6CBFD780}"
EndProject
Global
	GlobalSection(SolutionConfigurationPlatforms) = preSolution
		Debug|Any CPU = Debug|Any CPU
		Release|Any CPU = Release|Any CPU
	EndGlobalSection
	GlobalSection(ProjectConfigurationPlatforms) = postSolution
		{320C0A00-9927-404D-A914-119E6CBFD780}.Debug|Any CPU.ActiveCfg = Debug|Any CPU
		{320C0A00-9927-404D-A914-119E6CBFD780}.Debug|Any CPU.Build.0 = Debug|Any CPU
		{320C0A00-9927-404D-A914-119E6CBFD780}.Release|Any CPU.ActiveCfg = Release|Any CPU
		{320C0A00-9927-404D-A914-119E6CBFD780}.Release|Any CPU.Build.0 = Release|Any CPU
	EndGlobalSection
	GlobalSection(SolutionProperties) = preSolution
		HideSolutionNode = FALSE
	EndGlobalSection
	GlobalSection(ExtensibilityGlobals) = postSolution
		SolutionGuid = {C523F9CF-3D33-4EFA-9AC5-187426F9DD42}
	EndGlobalSection
EndGlobal
